
Microsoft Visual Studio Solution File, Format Version 12.00
# Visual Studio Version 16
VisualStudioVersion = 16.0.30523.141
MinimumVisualStudioVersion = 10.0.40219.1
Project("{2150E333-8FDC-42A3-9474-1A3956D46DE8}") = "ProgrammingWorkshop", "ProgrammingWorkshop", "{A9B569C5-90C1-4CF2-8683-CE58772D759F}"
EndProject
Project("{2150E333-8FDC-42A3-9474-1A3956D46DE8}") = "Algorithms", "Algorithms", "{9D1CEE6B-A57C-4183-87AF-140F046EBDE8}"
EndProject
Project("{FAE04EC0-301F-11D3-BF4B-00C04F79EFBC}") = "agorithms-fibonacci", "agorithms-fibonacci\agorithms-fibonacci.csproj", "{07301FE1-4CEF-4576-9774-06FC9875974E}"
EndProject
Project("{FAE04EC0-301F-11D3-BF4B-00C04F79EFBC}") = "algorithms-negative-positive-number", "algorithms-negative-positive-number\algorithms-negative-positive-number.csproj", "{3136BF65-9B13-4203-8122-82CFBABA41FA}"
EndProject
Project("{FAE04EC0-301F-11D3-BF4B-00C04F79EFBC}") = "algorithms-lottery", "algorithms-lottery\algorithms-lottery.csproj", "{7A37CBB5-A2C0-41DF-9276-99915A88D13F}"
EndProject
Project("{FAE04EC0-301F-11D3-BF4B-00C04F79EFBC}") = "algorithms-divisor", "algorihms-divisor\algorithms-divisor.csproj", "{CCBCF79F-802E-4CE9-923A-4CA53B912523}"
EndProject
Project("{FAE04EC0-301F-11D3-BF4B-00C04F79EFBC}") = "algorithms-area-calculation", "algorithms-calculator\algorithms-area-calculation.csproj", "{B76246CC-0B40-48BB-B7AD-EDF595E86B28}"
EndProject
Project("{FAE04EC0-301F-11D3-BF4B-00C04F79EFBC}") = "algorithms-largest-number", "algorithms-largest-number\algorithms-largest-number.csproj", "{9ECC2DFC-F502-4B4E-AB5F-C89A71C9D335}"
EndProject
Project("{FAE04EC0-301F-11D3-BF4B-00C04F79EFBC}") = "two-number-plus", "two-number-plus\two-number-plus.csproj", "{30CA3ECC-97F4-467F-A3A3-40B44D3FC87D}"
EndProject
Project("{FAE04EC0-301F-11D3-BF4B-00C04F79EFBC}") = "algorithms-seasons", "algorithms-seasons\algorithms-seasons.csproj", "{6899A8FB-3C12-4496-8B15-A7DFA30AAF00}"
EndProject
Global
	GlobalSection(SolutionConfigurationPlatforms) = preSolution
		Debug|Any CPU = Debug|Any CPU
		Release|Any CPU = Release|Any CPU
	EndGlobalSection
	GlobalSection(ProjectConfigurationPlatforms) = postSolution
		{07301FE1-4CEF-4576-9774-06FC9875974E}.Debug|Any CPU.ActiveCfg = Debug|Any CPU
		{07301FE1-4CEF-4576-9774-06FC9875974E}.Debug|Any CPU.Build.0 = Debug|Any CPU
		{07301FE1-4CEF-4576-9774-06FC9875974E}.Release|Any CPU.ActiveCfg = Release|Any CPU
		{07301FE1-4CEF-4576-9774-06FC9875974E}.Release|Any CPU.Build.0 = Release|Any CPU
		{3136BF65-9B13-4203-8122-82CFBABA41FA}.Debug|Any CPU.ActiveCfg = Debug|Any CPU
		{3136BF65-9B13-4203-8122-82CFBABA41FA}.Debug|Any CPU.Build.0 = Debug|Any CPU
		{3136BF65-9B13-4203-8122-82CFBABA41FA}.Release|Any CPU.ActiveCfg = Release|Any CPU
		{3136BF65-9B13-4203-8122-82CFBABA41FA}.Release|Any CPU.Build.0 = Release|Any CPU
		{7A37CBB5-A2C0-41DF-9276-99915A88D13F}.Debug|Any CPU.ActiveCfg = Debug|Any CPU
		{7A37CBB5-A2C0-41DF-9276-99915A88D13F}.Debug|Any CPU.Build.0 = Debug|Any CPU
		{7A37CBB5-A2C0-41DF-9276-99915A88D13F}.Release|Any CPU.ActiveCfg = Release|Any CPU
		{7A37CBB5-A2C0-41DF-9276-99915A88D13F}.Release|Any CPU.Build.0 = Release|Any CPU
		{CCBCF79F-802E-4CE9-923A-4CA53B912523}.Debug|Any CPU.ActiveCfg = Debug|Any CPU
		{CCBCF79F-802E-4CE9-923A-4CA53B912523}.Debug|Any CPU.Build.0 = Debug|Any CPU
		{CCBCF79F-802E-4CE9-923A-4CA53B912523}.Release|Any CPU.ActiveCfg = Release|Any CPU
		{CCBCF79F-802E-4CE9-923A-4CA53B912523}.Release|Any CPU.Build.0 = Release|Any CPU
		{B76246CC-0B40-48BB-B7AD-EDF595E86B28}.Debug|Any CPU.ActiveCfg = Debug|Any CPU
		{B76246CC-0B40-48BB-B7AD-EDF595E86B28}.Debug|Any CPU.Build.0 = Debug|Any CPU
		{B76246CC-0B40-48BB-B7AD-EDF595E86B28}.Release|Any CPU.ActiveCfg = Release|Any CPU
		{B76246CC-0B40-48BB-B7AD-EDF595E86B28}.Release|Any CPU.Build.0 = Release|Any CPU
		{9ECC2DFC-F502-4B4E-AB5F-C89A71C9D335}.Debug|Any CPU.ActiveCfg = Debug|Any CPU
		{9ECC2DFC-F502-4B4E-AB5F-C89A71C9D335}.Debug|Any CPU.Build.0 = Debug|Any CPU
		{9ECC2DFC-F502-4B4E-AB5F-C89A71C9D335}.Release|Any CPU.ActiveCfg = Release|Any CPU
		{9ECC2DFC-F502-4B4E-AB5F-C89A71C9D335}.Release|Any CPU.Build.0 = Release|Any CPU
		{30CA3ECC-97F4-467F-A3A3-40B44D3FC87D}.Debug|Any CPU.ActiveCfg = Debug|Any CPU
		{30CA3ECC-97F4-467F-A3A3-40B44D3FC87D}.Debug|Any CPU.Build.0 = Debug|Any CPU
		{30CA3ECC-97F4-467F-A3A3-40B44D3FC87D}.Release|Any CPU.ActiveCfg = Release|Any CPU
		{30CA3ECC-97F4-467F-A3A3-40B44D3FC87D}.Release|Any CPU.Build.0 = Release|Any CPU
		{6899A8FB-3C12-4496-8B15-A7DFA30AAF00}.Debug|Any CPU.ActiveCfg = Debug|Any CPU
		{6899A8FB-3C12-4496-8B15-A7DFA30AAF00}.Debug|Any CPU.Build.0 = Debug|Any CPU
		{6899A8FB-3C12-4496-8B15-A7DFA30AAF00}.Release|Any CPU.ActiveCfg = Release|Any CPU
		{6899A8FB-3C12-4496-8B15-A7DFA30AAF00}.Release|Any CPU.Build.0 = Release|Any CPU
	EndGlobalSection
	GlobalSection(SolutionProperties) = preSolution
		HideSolutionNode = FALSE
	EndGlobalSection
	GlobalSection(NestedProjects) = preSolution
		{9D1CEE6B-A57C-4183-87AF-140F046EBDE8} = {A9B569C5-90C1-4CF2-8683-CE58772D759F}
		{07301FE1-4CEF-4576-9774-06FC9875974E} = {9D1CEE6B-A57C-4183-87AF-140F046EBDE8}
		{3136BF65-9B13-4203-8122-82CFBABA41FA} = {9D1CEE6B-A57C-4183-87AF-140F046EBDE8}
		{7A37CBB5-A2C0-41DF-9276-99915A88D13F} = {9D1CEE6B-A57C-4183-87AF-140F046EBDE8}
		{CCBCF79F-802E-4CE9-923A-4CA53B912523} = {9D1CEE6B-A57C-4183-87AF-140F046EBDE8}
		{B76246CC-0B40-48BB-B7AD-EDF595E86B28} = {9D1CEE6B-A57C-4183-87AF-140F046EBDE8}
		{9ECC2DFC-F502-4B4E-AB5F-C89A71C9D335} = {9D1CEE6B-A57C-4183-87AF-140F046EBDE8}
		{30CA3ECC-97F4-467F-A3A3-40B44D3FC87D} = {9D1CEE6B-A57C-4183-87AF-140F046EBDE8}
		{6899A8FB-3C12-4496-8B15-A7DFA30AAF00} = {9D1CEE6B-A57C-4183-87AF-140F046EBDE8}
	EndGlobalSection
	GlobalSection(ExtensibilityGlobals) = postSolution
		SolutionGuid = {578F5A62-745A-418E-A02D-4ABBA1B477F7}
	EndGlobalSection
EndGlobal
